
Microsoft Visual Studio Solution File, Format Version 12.00
# Visual Studio 14
VisualStudioVersion = 14.0.24720.0
MinimumVisualStudioVersion = 10.0.40219.1
Project("{8BC9CEB8-8B4A-11D0-8D11-00A0C91BC942}") = "Karsio", "Karsio.vcxproj", "{A5762139-8CAC-4660-9C60-3770FAF50E30}"
EndProject
Project("{2150E333-8FDC-42A3-9474-1A3956D46DE8}") = "Solution Items", "Solution Items", "{CB091686-E8D7-471F-BF12-EFE9D93EA914}"
	ProjectSection(SolutionItems) = preProject
		Performance1.psess = Performance1.psess
	EndProjectSection
EndProject
Global
	GlobalSection(Performance) = preSolution
		HasPerformanceSessions = true
	EndGlobalSection
	GlobalSection(SolutionConfigurationPlatforms) = preSolution
		Debug|x64 = Debug|x64
		Debug|x86 = Debug|x86
		Release|x64 = Release|x64
		Release|x86 = Release|x86
	EndGlobalSection
	GlobalSection(ProjectConfigurationPlatforms) = postSolution
		{A5762139-8CAC-4660-9C60-3770FAF50E30}.Debug|x64.ActiveCfg = Debug|x64
		{A5762139-8CAC-4660-9C60-3770FAF50E30}.Debug|x64.Build.0 = Debug|x64
		{A5762139-8CAC-4660-9C60-3770FAF50E30}.Debug|x86.ActiveCfg = Debug|Win32
		{A5762139-8CAC-4660-9C60-3770FAF50E30}.Debug|x86.Build.0 = Debug|Win32
		{A5762139-8CAC-4660-9C60-3770FAF50E30}.Release|x64.ActiveCfg = Release|x64
		{A5762139-8CAC-4660-9C60-3770FAF50E30}.Release|x64.Build.0 = Release|x64
		{A5762139-8CAC-4660-9C60-3770FAF50E30}.Release|x86.ActiveCfg = Release|Win32
		{A5762139-8CAC-4660-9C60-3770FAF50E30}.Release|x86.Build.0 = Release|Win32
	EndGlobalSection
	GlobalSection(SolutionProperties) = preSolution
		HideSolutionNode = FALSE
	EndGlobalSection
EndGlobal
