<?xml version="1.0" encoding="utf-8"?>
<Project ToolsVersion="4.0" xmlns="http://schemas.microsoft.com/developer/msbuild/2003">
  <ItemGroup>
    <ClCompile Include="src\Game\Components\ProjectileComponent.cpp" />
    <ClCompile Include="src\Engine\AudioObserver.cpp" />
    <ClCompile Include="src\Engine\CollideEvent.cpp" />
    <ClCompile Include="src\Engine\Importer\Data\MaterialData.cpp" />
    <ClCompile Include="src\Engine\Importer\Data\MeshData.cpp" />
    <ClCompile Include="src\Engine\Importer\Data\Model.cpp" />
    <ClCompile Include="src\Engine\Importer\Data\ModelData.cpp" />
    <ClCompile Include="src\Engine\Importer\Data\ShaderData.cpp" />
    <ClCompile Include="src\Engine\Importer\Data\TextureData.cpp" />
    <ClCompile Include="src\Engine\Importer\Managers\MaterialDataManager.cpp" />
    <ClCompile Include="src\Engine\Importer\Managers\ModelDataManager.cpp" />
    <ClCompile Include="src\Engine\Importer\Managers\ModelManager.cpp" />
    <ClCompile Include="src\Engine\Importer\Managers\ShaderDataManager.cpp" />
    <ClCompile Include="src\Engine\Importer\Managers\TextureDataManager.cpp" />
    <ClCompile Include="src\Engine\Observable.cpp" />
    <ClCompile Include="src\Engine\Observer.cpp" />
    <ClCompile Include="src\Engine\renderengine\UserInterface.cpp" />
    <ClCompile Include="src\Engine\renderengine\ShaderUniforms.cpp" />
    <ClCompile Include="src\Game\Components\AIComponent.cpp" />
    <ClCompile Include="src\Game\Components\ControllableComponent.cpp" />
    <ClCompile Include="src\Game\Components\HealthComponent.cpp" />
    <ClCompile Include="src\Engine\PhysicsEngine\CollisionProcessor.cpp" />
    <ClCompile Include="src\Game\Components\ShapeRendererComponent.cpp" />
    <ClCompile Include="src\Engine\ComponentManager.cpp" />
    <ClCompile Include="src\engine\audioengine\AudioEngine.cpp" />
    <ClCompile Include="src\engine\Component.cpp" />
    <ClCompile Include="src\engine\Core.cpp" />
    <ClCompile Include="src\engine\Entity.cpp" />
    <ClCompile Include="src\engine\EntityManager.cpp" />
    <ClCompile Include="src\engine\Event.cpp" />
    <ClCompile Include="src\engine\physicsengine\PhysicsEngine.cpp" />
    <ClCompile Include="src\Engine\PhysicsEngine\VehicleCreation\SnippetVehicle4WCreate.cpp" />
    <ClCompile Include="src\Engine\PhysicsEngine\VehicleCreation\SnippetVehicleCreate.cpp" />
    <ClCompile Include="src\Engine\PhysicsEngine\VehicleCreation\SnippetVehicleFilterShader.cpp" />
    <ClCompile Include="src\Engine\PhysicsEngine\VehicleCreation\SnippetVehicleSceneQuery.cpp" />
    <ClCompile Include="src\Engine\PhysicsEngine\VehicleCreation\SnippetVehicleTireFriction.cpp" />
    <ClCompile Include="src\engine\renderengine\RenderEngine.cpp" />
    <ClCompile Include="src\game\Camera.cpp" />
    <ClCompile Include="src\game\components\PhysicsComponent.cpp" />
    <ClCompile Include="src\game\components\RendererComponent.cpp" />
    <ClCompile Include="src\Game\Components\DriveComponent.cpp" />
    <ClCompile Include="src\Game\Logic\AStar.cpp" />
    <ClCompile Include="src\game\logic\Logic.cpp" />
    <ClCompile Include="src\Game\Logic\WorldGenerator.cpp" />
    <ClCompile Include="src\main\initopengl\OpenGL.cpp" />
    <ClCompile Include="src\main\mainGame.cpp" />
    <ClCompile Include="src\Engine\PhysicsEngine\VehicleConfigParser.cpp" />
    <ClCompile Include="src\Game\Components\UpgradeComponent.cpp" />
    <ClCompile Include="src\Game\Components\WeaponComponent.cpp" />
    <ClCompile Include="src\Game\Components\StaticLightComponent.cpp" />
    <ClCompile Include="src\Engine\renderengine\RenderWorld.cpp" />
    <ClCompile Include="src\Engine\AudioEvent.cpp" />
    <ClCompile Include="src\Engine\NullEvent.cpp" />
    <ClCompile Include="src\Engine\AudioObservable.cpp" />
    <ClCompile Include="src\Engine\audiopaths.cpp" />
  </ItemGroup>
  <ItemGroup>
    <ClInclude Include="deps\include\fmod\fmod.h" />
    <ClInclude Include="deps\include\fmod\fmod.hpp" />
    <ClInclude Include="deps\include\fmod\fmod_codec.h" />
    <ClInclude Include="deps\include\fmod\fmod_common.h" />
    <ClInclude Include="deps\include\fmod\fmod_dsp.h" />
    <ClInclude Include="deps\include\fmod\fmod_dsp_effects.h" />
    <ClInclude Include="deps\include\fmod\fmod_errors.h" />
    <ClInclude Include="deps\include\fmod\fmod_output.h" />
    <ClInclude Include="deps\include\fmod\fmod_studio.h" />
    <ClInclude Include="deps\include\fmod\fmod_studio.hpp" />
    <ClInclude Include="deps\include\fmod\fmod_studio_common.h" />
    <ClInclude Include="src\Game\Components\ProjectileComponent.h" />
    <ClInclude Include="src\Engine\AudioObserver.h" />
    <ClInclude Include="src\Engine\Observer.h" />
    <ClInclude Include="src\Engine\Observable.h" />
    <ClInclude Include="src\Engine\CollideEvent.h" />
    <ClInclude Include="src\Engine\renderengine\UserInterface.h" />
    <ClInclude Include="src\Engine\renderengine\ShaderUniforms.h" />
    <ClInclude Include="src\Game\Components\AIComponent.h" />
    <ClInclude Include="src\Game\Components\ControllableComponent.h" />
    <ClInclude Include="src\Game\Components\HealthComponent.h" />
    <ClInclude Include="src\Engine\Importer\Managers\ShaderManager.h" />
    <ClInclude Include="src\Engine\Importer\Data\MaterialData.h" />
    <ClInclude Include="src\Engine\Importer\Data\MeshData.h" />
    <ClInclude Include="src\Engine\Importer\Data\Model.h" />
    <ClInclude Include="src\Engine\Importer\Data\ModelData.h" />
    <ClInclude Include="src\Engine\Importer\Data\ShaderData.h" />
    <ClInclude Include="src\Engine\Importer\Data\TextureData.h" />
    <ClInclude Include="src\Engine\Importer\Managers\MaterialDataManager.h" />
    <ClInclude Include="src\Engine\Importer\Managers\ModelDataManager.h" />
    <ClInclude Include="src\Engine\Importer\Managers\ModelManager.h" />
    <ClInclude Include="src\Engine\Importer\Managers\ShaderDataManager.h" />
    <ClInclude Include="src\Engine\Importer\Managers\TextureDataManager.h" />
    <ClInclude Include="src\Engine\PhysicsEngine\CollisionProcessor.h" />
    <ClInclude Include="src\Game\Components\ShapeRendererComponent.h" />
    <ClInclude Include="src\Engine\ComponentManager.h" />
    <ClInclude Include="src\engine\audioengine\AudioEngine.h" />
    <ClInclude Include="src\engine\Component.h" />
    <ClInclude Include="src\engine\Core.h" />
    <ClInclude Include="src\engine\Entity.h" />
    <ClInclude Include="src\engine\EntityManager.h" />
    <ClInclude Include="src\engine\Event.h" />
    <ClInclude Include="src\engine\physicsengine\PhysicsEngine.h" />
    <ClInclude Include="src\Engine\PhysicsEngine\VehicleCreation\SnippetVehicleConcurrency.h" />
    <ClInclude Include="src\Engine\PhysicsEngine\VehicleCreation\SnippetVehicleCreate.h" />
    <ClInclude Include="src\Engine\PhysicsEngine\VehicleCreation\SnippetVehicleFilterShader.h" />
    <ClInclude Include="src\Engine\PhysicsEngine\VehicleCreation\SnippetVehicleSceneQuery.h" />
    <ClInclude Include="src\Engine\PhysicsEngine\VehicleCreation\SnippetVehicleTireFriction.h" />
    <ClInclude Include="src\Engine\PhysicsEngine\VehicleCreation\SnippetVehicleWheelQueryResult.h" />
    <ClInclude Include="src\engine\renderengine\RenderEngine.h" />
    <ClInclude Include="src\game\Camera.h" />
    <ClInclude Include="src\Game\Components\DriveComponent.h" />
    <ClInclude Include="src\game\components\PhysicsComponent.h" />
    <ClInclude Include="src\game\components\RendererComponent.h" />
    <ClInclude Include="src\Game\Logic\AStar.h" />
    <ClInclude Include="src\game\logic\Logic.h" />
    <ClInclude Include="src\Game\Logic\WorldGenerator.h" />
    <ClInclude Include="src\main\initopengl\OpenGL.h" />
    <ClInclude Include="src\main\initopengl\OpenGL_Deps.h" />
    <ClInclude Include="src\Main\mainGame.h" />
    <ClInclude Include="src\Engine\PhysicsEngine\VehicleConfigParser.h" />
    <ClInclude Include="src\Game\Components\UpgradeComponent.h" />
    <ClInclude Include="src\Game\Components\WeaponComponent.h" />
    <ClInclude Include="src\Game\Components\StaticLightComponent.h" />
    <ClInclude Include="src\Engine\renderengine\RenderWorld.h" />
    <ClInclude Include="src\Engine\AudioEvent.h" />
    <ClInclude Include="src\Engine\NullEvent.h" />
    <ClInclude Include="src\Engine\AudioObservable.h" />
    <ClInclude Include="src\Engine\audiopaths.h" />
  </ItemGroup>
  <ItemGroup>
    <Library Include="deps\libs\fmod64_vc.lib" />
    <Library Include="deps\libs\fmodL64_vc.lib" />
    <Library Include="deps\libs\fmodL_vc.lib" />
    <Library Include="deps\libs\fmodstudio64_vc.lib" />
    <Library Include="deps\libs\fmodstudioL64_vc.lib" />
    <Library Include="deps\libs\fmodstudioL_vc.lib" />
    <Library Include="deps\libs\fmodstudio_vc.lib" />
    <Library Include="deps\libs\fmod_vc.lib" />
    <Library Include="deps\libs\libfmod.a" />
    <Library Include="deps\libs\libfmodL.a" />
    <Library Include="deps\libs\libfmodstudio.a" />
    <Library Include="deps\libs\libfmodstudioL.a" />
  </ItemGroup>
  <ItemGroup>
    <Media Include="data\sound\bgm1.mp3" />
    <Media Include="data\sound\engine-idle.mp3" />
    <Media Include="data\sound\engine-rev.mp3" />
    <Media Include="data\sound\rifle-close.mp3" />
  </ItemGroup>
  <ItemGroup>
    <None Include="Debug\fmodL.dll" />
    <None Include="Debug\fmodL64.dll" />
    <None Include="Debug\fmodstudioL.dll" />
    <None Include="Debug\fmodstudioL64.dll" />
    <None Include="deps\include\fmod\fmod.cs" />
    <None Include="deps\include\fmod\fmod_dsp.cs" />
    <None Include="deps\include\fmod\fmod_errors.cs" />
    <None Include="deps\include\fmod\fmod_studio.cs" />
    <None Include="data\configs\car\default.ini" />
  </ItemGroup>
  <ItemGroup>
    <Text Include="data\assets\models\bigCrystal1.txt" />
    <Text Include="data\assets\models\ram5.txt" />
    <Text Include="data\assets\models\smallCrystal1.txt" />
  </ItemGroup>
</Project>